
Microsoft Visual Studio Solution File, Format Version 12.00
# Visual Studio Version 17
VisualStudioVersion = 17.5.33516.290
MinimumVisualStudioVersion = 10.0.40219.1
Project("{9A19103F-16F7-4668-BE54-9A1E7A4F7556}") = "LayerOne", "LayerOne\LayerOne.csproj", "{E2373A55-C194-4F98-AA9B-47075AC5A88C}"
EndProject
Project("{2150E333-8FDC-42A3-9474-1A3956D46DE8}") = "Common", "Common", "{E4974464-C82E-42D5-81BC-6AF34ADC9B5A}"
EndProject
Project("{9A19103F-16F7-4668-BE54-9A1E7A4F7556}") = "LayerTwo", "..\Submodules_Lib_Layer_2\LayerTwo\LayerTwo\LayerTwo.csproj", "{25AB2922-6C2D-4D58-AEAA-9BCCCD7CDF94}"
EndProject
Global
	GlobalSection(SolutionConfigurationPlatforms) = preSolution
		Debug|Any CPU = Debug|Any CPU
		Release|Any CPU = Release|Any CPU
	EndGlobalSection
	GlobalSection(ProjectConfigurationPlatforms) = postSolution
		{E2373A55-C194-4F98-AA9B-47075AC5A88C}.Debug|Any CPU.ActiveCfg = Debug|Any CPU
		{E2373A55-C194-4F98-AA9B-47075AC5A88C}.Debug|Any CPU.Build.0 = Debug|Any CPU
		{E2373A55-C194-4F98-AA9B-47075AC5A88C}.Release|Any CPU.ActiveCfg = Release|Any CPU
		{E2373A55-C194-4F98-AA9B-47075AC5A88C}.Release|Any CPU.Build.0 = Release|Any CPU
		{25AB2922-6C2D-4D58-AEAA-9BCCCD7CDF94}.Debug|Any CPU.ActiveCfg = Debug|Any CPU
		{25AB2922-6C2D-4D58-AEAA-9BCCCD7CDF94}.Debug|Any CPU.Build.0 = Debug|Any CPU
		{25AB2922-6C2D-4D58-AEAA-9BCCCD7CDF94}.Release|Any CPU.ActiveCfg = Release|Any CPU
		{25AB2922-6C2D-4D58-AEAA-9BCCCD7CDF94}.Release|Any CPU.Build.0 = Release|Any CPU
	EndGlobalSection
	GlobalSection(SolutionProperties) = preSolution
		HideSolutionNode = FALSE
	EndGlobalSection
	GlobalSection(NestedProjects) = preSolution
		{25AB2922-6C2D-4D58-AEAA-9BCCCD7CDF94} = {E4974464-C82E-42D5-81BC-6AF34ADC9B5A}
	EndGlobalSection
	GlobalSection(ExtensibilityGlobals) = postSolution
		SolutionGuid = {1B44AA7B-29BF-4DD5-868D-0E5C1E0EF7EA}
	EndGlobalSection
EndGlobal
